
Microsoft Visual Studio Solution File, Format Version 12.00
# Visual Studio Version 16
VisualStudioVersion = 16.0.31205.134
MinimumVisualStudioVersion = 10.0.40219.1
Project("{9A19103F-16F7-4668-BE54-9A1E7A4F7556}") = "DevIO.LM.App", "DevIO.LM.App\DevIO.LM.App.csproj", "{28A57400-1845-449B-9B3A-018075E98154}"
EndProject
Project("{9A19103F-16F7-4668-BE54-9A1E7A4F7556}") = "DevIO.LM.Business", "DevIO.LM.Business\DevIO.LM.Business.csproj", "{701EF233-ADE0-4526-9BAC-C444CCFC83E3}"
EndProject
Project("{FAE04EC0-301F-11D3-BF4B-00C04F79EFBC}") = "DevIO.LM.Data", "DevIO.LM.Data\DevIO.LM.Data.csproj", "{F4A4F3B3-BD22-4A5D-AD32-20AE4A3BFEC0}"
EndProject
Global
	GlobalSection(SolutionConfigurationPlatforms) = preSolution
		Debug|Any CPU = Debug|Any CPU
		Release|Any CPU = Release|Any CPU
	EndGlobalSection
	GlobalSection(ProjectConfigurationPlatforms) = postSolution
		{28A57400-1845-449B-9B3A-018075E98154}.Debug|Any CPU.ActiveCfg = Debug|Any CPU
		{28A57400-1845-449B-9B3A-018075E98154}.Debug|Any CPU.Build.0 = Debug|Any CPU
		{28A57400-1845-449B-9B3A-018075E98154}.Release|Any CPU.ActiveCfg = Release|Any CPU
		{28A57400-1845-449B-9B3A-018075E98154}.Release|Any CPU.Build.0 = Release|Any CPU
		{701EF233-ADE0-4526-9BAC-C444CCFC83E3}.Debug|Any CPU.ActiveCfg = Debug|Any CPU
		{701EF233-ADE0-4526-9BAC-C444CCFC83E3}.Debug|Any CPU.Build.0 = Debug|Any CPU
		{701EF233-ADE0-4526-9BAC-C444CCFC83E3}.Release|Any CPU.ActiveCfg = Release|Any CPU
		{701EF233-ADE0-4526-9BAC-C444CCFC83E3}.Release|Any CPU.Build.0 = Release|Any CPU
		{F4A4F3B3-BD22-4A5D-AD32-20AE4A3BFEC0}.Debug|Any CPU.ActiveCfg = Debug|Any CPU
		{F4A4F3B3-BD22-4A5D-AD32-20AE4A3BFEC0}.Debug|Any CPU.Build.0 = Debug|Any CPU
		{F4A4F3B3-BD22-4A5D-AD32-20AE4A3BFEC0}.Release|Any CPU.ActiveCfg = Release|Any CPU
		{F4A4F3B3-BD22-4A5D-AD32-20AE4A3BFEC0}.Release|Any CPU.Build.0 = Release|Any CPU
	EndGlobalSection
	GlobalSection(SolutionProperties) = preSolution
		HideSolutionNode = FALSE
	EndGlobalSection
	GlobalSection(ExtensibilityGlobals) = postSolution
		SolutionGuid = {8D88B040-3E62-4951-8A3B-246FDFF2017C}
	EndGlobalSection
EndGlobal
